// !$*UTF8*$!
{
	archiveVersion = 1;
	classes = {
	};
	objectVersion = 52;
	objects = {

/* Begin PBXBuildFile section */
		047E261B25B7FECE007CF68F /* ChangePswVC.swift in Sources */ = {isa = PBXBuildFile; fileRef = 047E261A25B7FECE007CF68F /* ChangePswVC.swift */; };
		048AC8EE25B7D22C00CCADC3 /* arrow-right-black@2x.png in Resources */ = {isa = PBXBuildFile; fileRef = 048AC8ED25B7D22C00CCADC3 /* arrow-right-black@2x.png */; };
		048AC8F225B7D85E00CCADC3 /* ProfileVC.swift in Sources */ = {isa = PBXBuildFile; fileRef = 048AC8F125B7D85E00CCADC3 /* ProfileVC.swift */; };
		048AC8F525B7D8C700CCADC3 /* back@2x.png in Resources */ = {isa = PBXBuildFile; fileRef = 048AC8F425B7D8C700CCADC3 /* back@2x.png */; };
		04A1505E25B6898500F8728D /* UserProtocol.swift in Sources */ = {isa = PBXBuildFile; fileRef = 04A1505D25B6898500F8728D /* UserProtocol.swift */; };
		04A1506125B6899D00F8728D /* AppProtocol.swift in Sources */ = {isa = PBXBuildFile; fileRef = 04A1506025B6899D00F8728D /* AppProtocol.swift */; };
		04A1506A25B6BBAE00F8728D /* LoginRegisterVC.swift in Sources */ = {isa = PBXBuildFile; fileRef = 04A1506925B6BBAE00F8728D /* LoginRegisterVC.swift */; };
		04A1506D25B6BC4000F8728D /* LoginView.swift in Sources */ = {isa = PBXBuildFile; fileRef = 04A1506C25B6BC4000F8728D /* LoginView.swift */; };
		04A1507025B6BC4A00F8728D /* RegisterView.swift in Sources */ = {isa = PBXBuildFile; fileRef = 04A1506F25B6BC4A00F8728D /* RegisterView.swift */; };
		04A1507525B6BFFA00F8728D /* login-foot@2x.png in Resources */ = {isa = PBXBuildFile; fileRef = 04A1507325B6BFFA00F8728D /* login-foot@2x.png */; };
		04A1507625B6BFFA00F8728D /* logo@2x.png in Resources */ = {isa = PBXBuildFile; fileRef = 04A1507425B6BFFA00F8728D /* logo@2x.png */; };
		04A1507A25B6C35400F8728D /* btn-close@2x.png in Resources */ = {isa = PBXBuildFile; fileRef = 04A1507925B6C35400F8728D /* btn-close@2x.png */; };
		04A1509C25B6DB7D00F8728D /* tab-home@2x.png in Resources */ = {isa = PBXBuildFile; fileRef = 04A1509B25B6DB7D00F8728D /* tab-home@2x.png */; };
		04A1509F25B6DBA100F8728D /* tab-home-hl@2x.png in Resources */ = {isa = PBXBuildFile; fileRef = 04A1509E25B6DBA100F8728D /* tab-home-hl@2x.png */; };
		04A150A225B6DBE400F8728D /* tab-me@2x.png in Resources */ = {isa = PBXBuildFile; fileRef = 04A150A125B6DBE400F8728D /* tab-me@2x.png */; };
		04A150A525B6DBEC00F8728D /* tab-me-hl@2x.png in Resources */ = {isa = PBXBuildFile; fileRef = 04A150A425B6DBEC00F8728D /* tab-me-hl@2x.png */; };
		04A150A825B6DBFB00F8728D /* tab-category@2x.png in Resources */ = {isa = PBXBuildFile; fileRef = 04A150A725B6DBFB00F8728D /* tab-category@2x.png */; };
		04A150AB25B6DC0500F8728D /* tab-category-hl@2x.png in Resources */ = {isa = PBXBuildFile; fileRef = 04A150AA25B6DC0500F8728D /* tab-category-hl@2x.png */; };
		04A150AE25B6DC1B00F8728D /* tab-topic@2x.png in Resources */ = {isa = PBXBuildFile; fileRef = 04A150AD25B6DC1B00F8728D /* tab-topic@2x.png */; };
		04A150B125B6DC2900F8728D /* tab-topic-hl@2x.png in Resources */ = {isa = PBXBuildFile; fileRef = 04A150B025B6DC2900F8728D /* tab-topic-hl@2x.png */; };
		04A150B725B70A9400F8728D /* icon-file@2x.png in Resources */ = {isa = PBXBuildFile; fileRef = 04A150B625B70A9400F8728D /* icon-file@2x.png */; };
		04A150BB25B70EA100F8728D /* Models.swift in Sources */ = {isa = PBXBuildFile; fileRef = 04A150BA25B70EA100F8728D /* Models.swift */; };
		04A150BE25B7166C00F8728D /* icon-default@2x.png in Resources */ = {isa = PBXBuildFile; fileRef = 04A150BD25B7166C00F8728D /* icon-default@2x.png */; };
		04A150C625B71AD600F8728D /* avatar@2x.png in Resources */ = {isa = PBXBuildFile; fileRef = 04A150C525B71AD600F8728D /* avatar@2x.png */; };
		04A150CB25B71B7100F8728D /* arrow-right@2x.png in Resources */ = {isa = PBXBuildFile; fileRef = 04A150CA25B71B7100F8728D /* arrow-right@2x.png */; };
		04E5820F25BAD88D002E738E /* SightKit in Frameworks */ = {isa = PBXBuildFile; productRef = 04E5820E25BAD88D002E738E /* SightKit */; };
		04E5821325BADF5A002E738E /* PrintChinese.m in Sources */ = {isa = PBXBuildFile; fileRef = 04E5821225BADF5A002E738E /* PrintChinese.m */; };
		04E5823C25BAFFA0002E738E /* SDWebImage in Frameworks */ = {isa = PBXBuildFile; productRef = 04E5823B25BAFFA0002E738E /* SDWebImage */; };
		382DC13025B3FC33003E529B /* AppDefines.swift in Sources */ = {isa = PBXBuildFile; fileRef = 382DC12F25B3FC33003E529B /* AppDefines.swift */; };
		387E6CDC25B1F52400FE9B82 /* AppDelegate.swift in Sources */ = {isa = PBXBuildFile; fileRef = 387E6CDB25B1F52400FE9B82 /* AppDelegate.swift */; };
		387E6CE525B1F52600FE9B82 /* Assets.xcassets in Resources */ = {isa = PBXBuildFile; fileRef = 387E6CE425B1F52600FE9B82 /* Assets.xcassets */; };
		387E6CE825B1F52600FE9B82 /* LaunchScreen.storyboard in Resources */ = {isa = PBXBuildFile; fileRef = 387E6CE625B1F52600FE9B82 /* LaunchScreen.storyboard */; };
		387E6CFF25B2020C00FE9B82 /* BaseVC.swift in Sources */ = {isa = PBXBuildFile; fileRef = 387E6CFE25B2020C00FE9B82 /* BaseVC.swift */; };
		387E6D0325B2022700FE9B82 /* BaseNavVC.swift in Sources */ = {isa = PBXBuildFile; fileRef = 387E6D0225B2022700FE9B82 /* BaseNavVC.swift */; };
		387E6D0625B205F300FE9B82 /* HomeVC.swift in Sources */ = {isa = PBXBuildFile; fileRef = 387E6D0525B205F300FE9B82 /* HomeVC.swift */; };
		387E6D0F25B206F600FE9B82 /* CategoryVC.swift in Sources */ = {isa = PBXBuildFile; fileRef = 387E6D0E25B206F600FE9B82 /* CategoryVC.swift */; };
		387E6D1325B2073E00FE9B82 /* TopicVC.swift in Sources */ = {isa = PBXBuildFile; fileRef = 387E6D1225B2073E00FE9B82 /* TopicVC.swift */; };
		387E6D1625B2091000FE9B82 /* CartVC.swift in Sources */ = {isa = PBXBuildFile; fileRef = 387E6D1525B2091000FE9B82 /* CartVC.swift */; };
		387E6D1925B2091B00FE9B82 /* MineVC.swift in Sources */ = {isa = PBXBuildFile; fileRef = 387E6D1825B2091B00FE9B82 /* MineVC.swift */; };
/* End PBXBuildFile section */

/* Begin PBXFileReference section */
		047E261A25B7FECE007CF68F /* ChangePswVC.swift */ = {isa = PBXFileReference; lastKnownFileType = sourcecode.swift; path = ChangePswVC.swift; sourceTree = "<group>"; };
		048AC8ED25B7D22C00CCADC3 /* arrow-right-black@2x.png */ = {isa = PBXFileReference; lastKnownFileType = image.png; path = "arrow-right-black@2x.png"; sourceTree = "<group>"; };
		048AC8F125B7D85E00CCADC3 /* ProfileVC.swift */ = {isa = PBXFileReference; lastKnownFileType = sourcecode.swift; path = ProfileVC.swift; sourceTree = "<group>"; };
		048AC8F425B7D8C700CCADC3 /* back@2x.png */ = {isa = PBXFileReference; lastKnownFileType = image.png; path = "back@2x.png"; sourceTree = "<group>"; };
		04A1505D25B6898500F8728D /* UserProtocol.swift */ = {isa = PBXFileReference; lastKnownFileType = sourcecode.swift; path = UserProtocol.swift; sourceTree = "<group>"; };
		04A1506025B6899D00F8728D /* AppProtocol.swift */ = {isa = PBXFileReference; lastKnownFileType = sourcecode.swift; path = AppProtocol.swift; sourceTree = "<group>"; };
		04A1506925B6BBAE00F8728D /* LoginRegisterVC.swift */ = {isa = PBXFileReference; lastKnownFileType = sourcecode.swift; path = LoginRegisterVC.swift; sourceTree = "<group>"; };
		04A1506C25B6BC4000F8728D /* LoginView.swift */ = {isa = PBXFileReference; lastKnownFileType = sourcecode.swift; path = LoginView.swift; sourceTree = "<group>"; };
		04A1506F25B6BC4A00F8728D /* RegisterView.swift */ = {isa = PBXFileReference; lastKnownFileType = sourcecode.swift; path = RegisterView.swift; sourceTree = "<group>"; };
		04A1507325B6BFFA00F8728D /* login-foot@2x.png */ = {isa = PBXFileReference; lastKnownFileType = image.png; path = "login-foot@2x.png"; sourceTree = "<group>"; };
		04A1507425B6BFFA00F8728D /* logo@2x.png */ = {isa = PBXFileReference; lastKnownFileType = image.png; path = "logo@2x.png"; sourceTree = "<group>"; };
		04A1507925B6C35400F8728D /* btn-close@2x.png */ = {isa = PBXFileReference; lastKnownFileType = image.png; path = "btn-close@2x.png"; sourceTree = "<group>"; };
		04A1509B25B6DB7D00F8728D /* tab-home@2x.png */ = {isa = PBXFileReference; lastKnownFileType = image.png; path = "tab-home@2x.png"; sourceTree = "<group>"; };
		04A1509E25B6DBA100F8728D /* tab-home-hl@2x.png */ = {isa = PBXFileReference; lastKnownFileType = image.png; path = "tab-home-hl@2x.png"; sourceTree = "<group>"; };
		04A150A125B6DBE400F8728D /* tab-me@2x.png */ = {isa = PBXFileReference; lastKnownFileType = image.png; path = "tab-me@2x.png"; sourceTree = "<group>"; };
		04A150A425B6DBEC00F8728D /* tab-me-hl@2x.png */ = {isa = PBXFileReference; lastKnownFileType = image.png; path = "tab-me-hl@2x.png"; sourceTree = "<group>"; };
		04A150A725B6DBFB00F8728D /* tab-category@2x.png */ = {isa = PBXFileReference; lastKnownFileType = image.png; path = "tab-category@2x.png"; sourceTree = "<group>"; };
		04A150AA25B6DC0500F8728D /* tab-category-hl@2x.png */ = {isa = PBXFileReference; lastKnownFileType = image.png; path = "tab-category-hl@2x.png"; sourceTree = "<group>"; };
		04A150AD25B6DC1B00F8728D /* tab-topic@2x.png */ = {isa = PBXFileReference; lastKnownFileType = image.png; path = "tab-topic@2x.png"; sourceTree = "<group>"; };
		04A150B025B6DC2900F8728D /* tab-topic-hl@2x.png */ = {isa = PBXFileReference; lastKnownFileType = image.png; path = "tab-topic-hl@2x.png"; sourceTree = "<group>"; };
		04A150B625B70A9400F8728D /* icon-file@2x.png */ = {isa = PBXFileReference; lastKnownFileType = image.png; path = "icon-file@2x.png"; sourceTree = "<group>"; };
		04A150BA25B70EA100F8728D /* Models.swift */ = {isa = PBXFileReference; lastKnownFileType = sourcecode.swift; path = Models.swift; sourceTree = "<group>"; };
		04A150BD25B7166C00F8728D /* icon-default@2x.png */ = {isa = PBXFileReference; lastKnownFileType = image.png; path = "icon-default@2x.png"; sourceTree = "<group>"; };
		04A150C525B71AD600F8728D /* avatar@2x.png */ = {isa = PBXFileReference; lastKnownFileType = image.png; path = "avatar@2x.png"; sourceTree = "<group>"; };
		04A150CA25B71B7100F8728D /* arrow-right@2x.png */ = {isa = PBXFileReference; lastKnownFileType = image.png; path = "arrow-right@2x.png"; sourceTree = "<group>"; };
		04E5821125BADF59002E738E /* Store-Bridging-Header.h */ = {isa = PBXFileReference; lastKnownFileType = sourcecode.c.h; path = "Store-Bridging-Header.h"; sourceTree = "<group>"; };
		04E5821225BADF5A002E738E /* PrintChinese.m */ = {isa = PBXFileReference; lastKnownFileType = sourcecode.c.objc; path = PrintChinese.m; sourceTree = "<group>"; };
		382DC12F25B3FC33003E529B /* AppDefines.swift */ = {isa = PBXFileReference; lastKnownFileType = sourcecode.swift; path = AppDefines.swift; sourceTree = "<group>"; };
		387E6CD825B1F52400FE9B82 /* Store.app */ = {isa = PBXFileReference; explicitFileType = wrapper.application; includeInIndex = 0; path = Store.app; sourceTree = BUILT_PRODUCTS_DIR; };
		387E6CDB25B1F52400FE9B82 /* AppDelegate.swift */ = {isa = PBXFileReference; lastKnownFileType = sourcecode.swift; path = AppDelegate.swift; sourceTree = "<group>"; };
		387E6CE425B1F52600FE9B82 /* Assets.xcassets */ = {isa = PBXFileReference; lastKnownFileType = folder.assetcatalog; path = Assets.xcassets; sourceTree = "<group>"; };
		387E6CE725B1F52600FE9B82 /* Base */ = {isa = PBXFileReference; lastKnownFileType = file.storyboard; name = Base; path = Base.lproj/LaunchScreen.storyboard; sourceTree = "<group>"; };
		387E6CE925B1F52600FE9B82 /* Info.plist */ = {isa = PBXFileReference; lastKnownFileType = text.plist.xml; path = Info.plist; sourceTree = "<group>"; };
		387E6CFE25B2020C00FE9B82 /* BaseVC.swift */ = {isa = PBXFileReference; lastKnownFileType = sourcecode.swift; path = BaseVC.swift; sourceTree = "<group>"; };
		387E6D0225B2022700FE9B82 /* BaseNavVC.swift */ = {isa = PBXFileReference; lastKnownFileType = sourcecode.swift; path = BaseNavVC.swift; sourceTree = "<group>"; };
		387E6D0525B205F300FE9B82 /* HomeVC.swift */ = {isa = PBXFileReference; lastKnownFileType = sourcecode.swift; path = HomeVC.swift; sourceTree = "<group>"; };
		387E6D0825B2061700FE9B82 /* Swagger UI.webarchive */ = {isa = PBXFileReference; lastKnownFileType = file.bplist; path = "Swagger UI.webarchive"; sourceTree = "<group>"; };
		387E6D0B25B2062600FE9B82 /* note.rtf */ = {isa = PBXFileReference; lastKnownFileType = text.rtf; path = note.rtf; sourceTree = "<group>"; };
		387E6D0E25B206F600FE9B82 /* CategoryVC.swift */ = {isa = PBXFileReference; lastKnownFileType = sourcecode.swift; path = CategoryVC.swift; sourceTree = "<group>"; };
		387E6D1225B2073E00FE9B82 /* TopicVC.swift */ = {isa = PBXFileReference; lastKnownFileType = sourcecode.swift; path = TopicVC.swift; sourceTree = "<group>"; };
		387E6D1525B2091000FE9B82 /* CartVC.swift */ = {isa = PBXFileReference; lastKnownFileType = sourcecode.swift; path = CartVC.swift; sourceTree = "<group>"; };
		387E6D1825B2091B00FE9B82 /* MineVC.swift */ = {isa = PBXFileReference; lastKnownFileType = sourcecode.swift; path = MineVC.swift; sourceTree = "<group>"; };
/* End PBXFileReference section */

/* Begin PBXFrameworksBuildPhase section */
		387E6CD525B1F52400FE9B82 /* Frameworks */ = {
			isa = PBXFrameworksBuildPhase;
			buildActionMask = 2147483647;
			files = (
				04E5823C25BAFFA0002E738E /* SDWebImage in Frameworks */,
				04E5820F25BAD88D002E738E /* SightKit in Frameworks */,
			);
			runOnlyForDeploymentPostprocessing = 0;
		};
/* End PBXFrameworksBuildPhase section */

/* Begin PBXGroup section */
		04A1505C25B6896300F8728D /* dev */ = {
			isa = PBXGroup;
			children = (
				04A1506025B6899D00F8728D /* AppProtocol.swift */,
				04A1505D25B6898500F8728D /* UserProtocol.swift */,
			);
			path = dev;
			sourceTree = "<group>";
		};
		04A1507225B6BFEF00F8728D /* imgs */ = {
			isa = PBXGroup;
			children = (
				04A150BD25B7166C00F8728D /* icon-default@2x.png */,
				04A1507925B6C35400F8728D /* btn-close@2x.png */,
				04A1507325B6BFFA00F8728D /* login-foot@2x.png */,
				04A150C525B71AD600F8728D /* avatar@2x.png */,
				04A150CA25B71B7100F8728D /* arrow-right@2x.png */,
				048AC8ED25B7D22C00CCADC3 /* arrow-right-black@2x.png */,
				04A1507425B6BFFA00F8728D /* logo@2x.png */,
				048AC8F425B7D8C700CCADC3 /* back@2x.png */,
				04A150B625B70A9400F8728D /* icon-file@2x.png */,
				04A150AA25B6DC0500F8728D /* tab-category-hl@2x.png */,
				04A150A725B6DBFB00F8728D /* tab-category@2x.png */,
				04A1509E25B6DBA100F8728D /* tab-home-hl@2x.png */,
				04A1509B25B6DB7D00F8728D /* tab-home@2x.png */,
				04A150A425B6DBEC00F8728D /* tab-me-hl@2x.png */,
				04A150A125B6DBE400F8728D /* tab-me@2x.png */,
				04A150B025B6DC2900F8728D /* tab-topic-hl@2x.png */,
				04A150AD25B6DC1B00F8728D /* tab-topic@2x.png */,
			);
			path = imgs;
			sourceTree = "<group>";
		};
		387E6CCF25B1F52400FE9B82 = {
			isa = PBXGroup;
			children = (
				387E6CDA25B1F52400FE9B82 /* Store */,
				387E6CD925B1F52400FE9B82 /* Products */,
			);
			sourceTree = "<group>";
		};
		387E6CD925B1F52400FE9B82 /* Products */ = {
			isa = PBXGroup;
			children = (
				387E6CD825B1F52400FE9B82 /* Store.app */,
			);
			name = Products;
			sourceTree = "<group>";
		};
		387E6CDA25B1F52400FE9B82 /* Store */ = {
			isa = PBXGroup;
			children = (
				387E6D0B25B2062600FE9B82 /* note.rtf */,
				387E6D0825B2061700FE9B82 /* Swagger UI.webarchive */,
				387E6CDB25B1F52400FE9B82 /* AppDelegate.swift */,
				387E6CFE25B2020C00FE9B82 /* BaseVC.swift */,
				387E6D0225B2022700FE9B82 /* BaseNavVC.swift */,
				382DC12F25B3FC33003E529B /* AppDefines.swift */,
				04A150BA25B70EA100F8728D /* Models.swift */,
				387E6D0525B205F300FE9B82 /* HomeVC.swift */,
				387E6D0E25B206F600FE9B82 /* CategoryVC.swift */,
				387E6D1225B2073E00FE9B82 /* TopicVC.swift */,
				387E6D1525B2091000FE9B82 /* CartVC.swift */,
				387E6D1825B2091B00FE9B82 /* MineVC.swift */,
				04A1506925B6BBAE00F8728D /* LoginRegisterVC.swift */,
				04A1506C25B6BC4000F8728D /* LoginView.swift */,
				04A1506F25B6BC4A00F8728D /* RegisterView.swift */,
				048AC8F125B7D85E00CCADC3 /* ProfileVC.swift */,
				047E261A25B7FECE007CF68F /* ChangePswVC.swift */,
				04E5821225BADF5A002E738E /* PrintChinese.m */,
				04A1507225B6BFEF00F8728D /* imgs */,
				04A1505C25B6896300F8728D /* dev */,
				387E6CE425B1F52600FE9B82 /* Assets.xcassets */,
				387E6CE625B1F52600FE9B82 /* LaunchScreen.storyboard */,
				387E6CE925B1F52600FE9B82 /* Info.plist */,
				04E5821125BADF59002E738E /* Store-Bridging-Header.h */,
			);
			path = Store;
			sourceTree = "<group>";
		};
/* End PBXGroup section */

/* Begin PBXNativeTarget section */
		387E6CD725B1F52400FE9B82 /* Store */ = {
			isa = PBXNativeTarget;
			buildConfigurationList = 387E6CEC25B1F52600FE9B82 /* Build configuration list for PBXNativeTarget "Store" */;
			buildPhases = (
				387E6CD425B1F52400FE9B82 /* Sources */,
				387E6CD525B1F52400FE9B82 /* Frameworks */,
				387E6CD625B1F52400FE9B82 /* Resources */,
			);
			buildRules = (
			);
			dependencies = (
			);
			name = Store;
			packageProductDependencies = (
				04E5820E25BAD88D002E738E /* SightKit */,
				04E5823B25BAFFA0002E738E /* SDWebImage */,
			);
			productName = Store;
			productReference = 387E6CD825B1F52400FE9B82 /* Store.app */;
			productType = "com.apple.product-type.application";
		};
/* End PBXNativeTarget section */

/* Begin PBXProject section */
		387E6CD025B1F52400FE9B82 /* Project object */ = {
			isa = PBXProject;
			attributes = {
				LastSwiftUpdateCheck = 1210;
				LastUpgradeCheck = 1210;
				TargetAttributes = {
					387E6CD725B1F52400FE9B82 = {
						CreatedOnToolsVersion = 12.1;
						LastSwiftMigration = 1230;
					};
				};
			};
			buildConfigurationList = 387E6CD325B1F52400FE9B82 /* Build configuration list for PBXProject "Store" */;
			compatibilityVersion = "Xcode 9.3";
			developmentRegion = en;
			hasScannedForEncodings = 0;
			knownRegions = (
				en,
				Base,
			);
			mainGroup = 387E6CCF25B1F52400FE9B82;
			packageReferences = (
				04E5820D25BAD88D002E738E /* XCRemoteSwiftPackageReference "SightKit" */,
				04E5823A25BAFFA0002E738E /* XCRemoteSwiftPackageReference "SDWebImage" */,
			);
			productRefGroup = 387E6CD925B1F52400FE9B82 /* Products */;
			projectDirPath = "";
			projectRoot = "";
			targets = (
				387E6CD725B1F52400FE9B82 /* Store */,
			);
		};
/* End PBXProject section */

/* Begin PBXResourcesBuildPhase section */
		387E6CD625B1F52400FE9B82 /* Resources */ = {
			isa = PBXResourcesBuildPhase;
			buildActionMask = 2147483647;
			files = (
				04A1509C25B6DB7D00F8728D /* tab-home@2x.png in Resources */,
				04A150A825B6DBFB00F8728D /* tab-category@2x.png in Resources */,
				04A1507625B6BFFA00F8728D /* logo@2x.png in Resources */,
				04A150AB25B6DC0500F8728D /* tab-category-hl@2x.png in Resources */,
				04A150B125B6DC2900F8728D /* tab-topic-hl@2x.png in Resources */,
				04A150AE25B6DC1B00F8728D /* tab-topic@2x.png in Resources */,
				04A150A225B6DBE400F8728D /* tab-me@2x.png in Resources */,
				04A1509F25B6DBA100F8728D /* tab-home-hl@2x.png in Resources */,
				387E6CE825B1F52600FE9B82 /* LaunchScreen.storyboard in Resources */,
				04A1507A25B6C35400F8728D /* btn-close@2x.png in Resources */,
				048AC8F525B7D8C700CCADC3 /* back@2x.png in Resources */,
				04A150CB25B71B7100F8728D /* arrow-right@2x.png in Resources */,
				04A150C625B71AD600F8728D /* avatar@2x.png in Resources */,
				048AC8EE25B7D22C00CCADC3 /* arrow-right-black@2x.png in Resources */,
				387E6CE525B1F52600FE9B82 /* Assets.xcassets in Resources */,
				04A150A525B6DBEC00F8728D /* tab-me-hl@2x.png in Resources */,
				04A150BE25B7166C00F8728D /* icon-default@2x.png in Resources */,
				04A150B725B70A9400F8728D /* icon-file@2x.png in Resources */,
				04A1507525B6BFFA00F8728D /* login-foot@2x.png in Resources */,
			);
			runOnlyForDeploymentPostprocessing = 0;
		};
/* End PBXResourcesBuildPhase section */

/* Begin PBXSourcesBuildPhase section */
		387E6CD425B1F52400FE9B82 /* Sources */ = {
			isa = PBXSourcesBuildPhase;
			buildActionMask = 2147483647;
			files = (
				04A1505E25B6898500F8728D /* UserProtocol.swift in Sources */,
				382DC13025B3FC33003E529B /* AppDefines.swift in Sources */,
				387E6D1325B2073E00FE9B82 /* TopicVC.swift in Sources */,
				04A1507025B6BC4A00F8728D /* RegisterView.swift in Sources */,
				048AC8F225B7D85E00CCADC3 /* ProfileVC.swift in Sources */,
				387E6D1625B2091000FE9B82 /* CartVC.swift in Sources */,
				387E6D0625B205F300FE9B82 /* HomeVC.swift in Sources */,
				387E6D1925B2091B00FE9B82 /* MineVC.swift in Sources */,
				04A1506125B6899D00F8728D /* AppProtocol.swift in Sources */,
				387E6CFF25B2020C00FE9B82 /* BaseVC.swift in Sources */,
				04A150BB25B70EA100F8728D /* Models.swift in Sources */,
				387E6CDC25B1F52400FE9B82 /* AppDelegate.swift in Sources */,
				387E6D0325B2022700FE9B82 /* BaseNavVC.swift in Sources */,
				047E261B25B7FECE007CF68F /* ChangePswVC.swift in Sources */,
				04A1506D25B6BC4000F8728D /* LoginView.swift in Sources */,
				04E5821325BADF5A002E738E /* PrintChinese.m in Sources */,
				387E6D0F25B206F600FE9B82 /* CategoryVC.swift in Sources */,
				04A1506A25B6BBAE00F8728D /* LoginRegisterVC.swift in Sources */,
			);
			runOnlyForDeploymentPostprocessing = 0;
		};
/* End PBXSourcesBuildPhase section */

/* Begin PBXVariantGroup section */
		387E6CE625B1F52600FE9B82 /* LaunchScreen.storyboard */ = {
			isa = PBXVariantGroup;
			children = (
				387E6CE725B1F52600FE9B82 /* Base */,
			);
			name = LaunchScreen.storyboard;
			sourceTree = "<group>";
		};
/* End PBXVariantGroup section */

/* Begin XCBuildConfiguration section */
		387E6CEA25B1F52600FE9B82 /* Debug */ = {
			isa = XCBuildConfiguration;
			buildSettings = {
				ALWAYS_SEARCH_USER_PATHS = NO;
				CLANG_ANALYZER_NONNULL = YES;
				CLANG_ANALYZER_NUMBER_OBJECT_CONVERSION = YES_AGGRESSIVE;
				CLANG_CXX_LANGUAGE_STANDARD = "gnu++14";
				CLANG_CXX_LIBRARY = "libc++";
				CLANG_ENABLE_MODULES = YES;
				CLANG_ENABLE_OBJC_ARC = YES;
				CLANG_ENABLE_OBJC_WEAK = YES;
				CLANG_WARN_BLOCK_CAPTURE_AUTORELEASING = YES;
				CLANG_WARN_BOOL_CONVERSION = YES;
				CLANG_WARN_COMMA = YES;
				CLANG_WARN_CONSTANT_CONVERSION = YES;
				CLANG_WARN_DEPRECATED_OBJC_IMPLEMENTATIONS = YES;
				CLANG_WARN_DIRECT_OBJC_ISA_USAGE = YES_ERROR;
				CLANG_WARN_DOCUMENTATION_COMMENTS = YES;
				CLANG_WARN_EMPTY_BODY = YES;
				CLANG_WARN_ENUM_CONVERSION = YES;
				CLANG_WARN_INFINITE_RECURSION = YES;
				CLANG_WARN_INT_CONVERSION = YES;
				CLANG_WARN_NON_LITERAL_NULL_CONVERSION = YES;
				CLANG_WARN_OBJC_IMPLICIT_RETAIN_SELF = YES;
				CLANG_WARN_OBJC_LITERAL_CONVERSION = YES;
				CLANG_WARN_OBJC_ROOT_CLASS = YES_ERROR;
				CLANG_WARN_QUOTED_INCLUDE_IN_FRAMEWORK_HEADER = YES;
				CLANG_WARN_RANGE_LOOP_ANALYSIS = YES;
				CLANG_WARN_STRICT_PROTOTYPES = YES;
				CLANG_WARN_SUSPICIOUS_MOVE = YES;
				CLANG_WARN_UNGUARDED_AVAILABILITY = YES_AGGRESSIVE;
				CLANG_WARN_UNREACHABLE_CODE = YES;
				CLANG_WARN__DUPLICATE_METHOD_MATCH = YES;
				COPY_PHASE_STRIP = NO;
				DEBUG_INFORMATION_FORMAT = dwarf;
				ENABLE_STRICT_OBJC_MSGSEND = YES;
				ENABLE_TESTABILITY = YES;
				GCC_C_LANGUAGE_STANDARD = gnu11;
				GCC_DYNAMIC_NO_PIC = NO;
				GCC_NO_COMMON_BLOCKS = YES;
				GCC_OPTIMIZATION_LEVEL = 0;
				GCC_PREPROCESSOR_DEFINITIONS = (
					"DEBUG=1",
					"$(inherited)",
				);
				GCC_WARN_64_TO_32_BIT_CONVERSION = YES;
				GCC_WARN_ABOUT_RETURN_TYPE = YES_ERROR;
				GCC_WARN_UNDECLARED_SELECTOR = YES;
				GCC_WARN_UNINITIALIZED_AUTOS = YES_AGGRESSIVE;
				GCC_WARN_UNUSED_FUNCTION = YES;
				GCC_WARN_UNUSED_VARIABLE = YES;
				IPHONEOS_DEPLOYMENT_TARGET = 14.1;
				MTL_ENABLE_DEBUG_INFO = INCLUDE_SOURCE;
				MTL_FAST_MATH = YES;
				ONLY_ACTIVE_ARCH = YES;
				SDKROOT = iphoneos;
				SWIFT_ACTIVE_COMPILATION_CONDITIONS = DEBUG;
				SWIFT_OPTIMIZATION_LEVEL = "-Onone";
			};
			name = Debug;
		};
		387E6CEB25B1F52600FE9B82 /* Release */ = {
			isa = XCBuildConfiguration;
			buildSettings = {
				ALWAYS_SEARCH_USER_PATHS = NO;
				CLANG_ANALYZER_NONNULL = YES;
				CLANG_ANALYZER_NUMBER_OBJECT_CONVERSION = YES_AGGRESSIVE;
				CLANG_CXX_LANGUAGE_STANDARD = "gnu++14";
				CLANG_CXX_LIBRARY = "libc++";
				CLANG_ENABLE_MODULES = YES;
				CLANG_ENABLE_OBJC_ARC = YES;
				CLANG_ENABLE_OBJC_WEAK = YES;
				CLANG_WARN_BLOCK_CAPTURE_AUTORELEASING = YES;
				CLANG_WARN_BOOL_CONVERSION = YES;
				CLANG_WARN_COMMA = YES;
				CLANG_WARN_CONSTANT_CONVERSION = YES;
				CLANG_WARN_DEPRECATED_OBJC_IMPLEMENTATIONS = YES;
				CLANG_WARN_DIRECT_OBJC_ISA_USAGE = YES_ERROR;
				CLANG_WARN_DOCUMENTATION_COMMENTS = YES;
				CLANG_WARN_EMPTY_BODY = YES;
				CLANG_WARN_ENUM_CONVERSION = YES;
				CLANG_WARN_INFINITE_RECURSION = YES;
				CLANG_WARN_INT_CONVERSION = YES;
				CLANG_WARN_NON_LITERAL_NULL_CONVERSION = YES;
				CLANG_WARN_OBJC_IMPLICIT_RETAIN_SELF = YES;
				CLANG_WARN_OBJC_LITERAL_CONVERSION = YES;
				CLANG_WARN_OBJC_ROOT_CLASS = YES_ERROR;
				CLANG_WARN_QUOTED_INCLUDE_IN_FRAMEWORK_HEADER = YES;
				CLANG_WARN_RANGE_LOOP_ANALYSIS = YES;
				CLANG_WARN_STRICT_PROTOTYPES = YES;
				CLANG_WARN_SUSPICIOUS_MOVE = YES;
				CLANG_WARN_UNGUARDED_AVAILABILITY = YES_AGGRESSIVE;
				CLANG_WARN_UNREACHABLE_CODE = YES;
				CLANG_WARN__DUPLICATE_METHOD_MATCH = YES;
				COPY_PHASE_STRIP = NO;
				DEBUG_INFORMATION_FORMAT = "dwarf-with-dsym";
				ENABLE_NS_ASSERTIONS = NO;
				ENABLE_STRICT_OBJC_MSGSEND = YES;
				GCC_C_LANGUAGE_STANDARD = gnu11;
				GCC_NO_COMMON_BLOCKS = YES;
				GCC_WARN_64_TO_32_BIT_CONVERSION = YES;
				GCC_WARN_ABOUT_RETURN_TYPE = YES_ERROR;
				GCC_WARN_UNDECLARED_SELECTOR = YES;
				GCC_WARN_UNINITIALIZED_AUTOS = YES_AGGRESSIVE;
				GCC_WARN_UNUSED_FUNCTION = YES;
				GCC_WARN_UNUSED_VARIABLE = YES;
				IPHONEOS_DEPLOYMENT_TARGET = 14.1;
				MTL_ENABLE_DEBUG_INFO = NO;
				MTL_FAST_MATH = YES;
				SDKROOT = iphoneos;
				SWIFT_COMPILATION_MODE = wholemodule;
				SWIFT_OPTIMIZATION_LEVEL = "-O";
				VALIDATE_PRODUCT = YES;
			};
			name = Release;
		};
		387E6CED25B1F52600FE9B82 /* Debug */ = {
			isa = XCBuildConfiguration;
			buildSettings = {
				ASSETCATALOG_COMPILER_APPICON_NAME = AppIcon;
				ASSETCATALOG_COMPILER_GLOBAL_ACCENT_COLOR_NAME = AccentColor;
				CLANG_ENABLE_MODULES = YES;
				CODE_SIGN_STYLE = Automatic;
				DEVELOPMENT_TEAM = 3232LGW9PT;
				INFOPLIST_FILE = Store/Info.plist;
				IPHONEOS_DEPLOYMENT_TARGET = 10.0;
				LD_RUNPATH_SEARCH_PATHS = (
					"$(inherited)",
					"@executable_path/Frameworks",
				);
				PRODUCT_BUNDLE_IDENTIFIER = com.jimrayno.store;
				PRODUCT_NAME = "$(TARGET_NAME)";
				SWIFT_OBJC_BRIDGING_HEADER = "Store/Store-Bridging-Header.h";
				SWIFT_OPTIMIZATION_LEVEL = "-Onone";
				SWIFT_VERSION = 5.0;
				TARGETED_DEVICE_FAMILY = "1,2";
			};
			name = Debug;
		};
		387E6CEE25B1F52600FE9B82 /* Release */ = {
			isa = XCBuildConfiguration;
			buildSettings = {
				ASSETCATALOG_COMPILER_APPICON_NAME = AppIcon;
				ASSETCATALOG_COMPILER_GLOBAL_ACCENT_COLOR_NAME = AccentColor;
				CLANG_ENABLE_MODULES = YES;
				CODE_SIGN_STYLE = Automatic;
				DEVELOPMENT_TEAM = 3232LGW9PT;
				INFOPLIST_FILE = Store/Info.plist;
				IPHONEOS_DEPLOYMENT_TARGET = 10.0;
				LD_RUNPATH_SEARCH_PATHS = (
					"$(inherited)",
					"@executable_path/Frameworks",
				);
				PRODUCT_BUNDLE_IDENTIFIER = com.jimrayno.store;
				PRODUCT_NAME = "$(TARGET_NAME)";
				SWIFT_OBJC_BRIDGING_HEADER = "Store/Store-Bridging-Header.h";
				SWIFT_VERSION = 5.0;
				TARGETED_DEVICE_FAMILY = "1,2";
			};
			name = Release;
		};
/* End XCBuildConfiguration section */

/* Begin XCConfigurationList section */
		387E6CD325B1F52400FE9B82 /* Build configuration list for PBXProject "Store" */ = {
			isa = XCConfigurationList;
			buildConfigurations = (
				387E6CEA25B1F52600FE9B82 /* Debug */,
				387E6CEB25B1F52600FE9B82 /* Release */,
			);
			defaultConfigurationIsVisible = 0;
			defaultConfigurationName = Release;
		};
		387E6CEC25B1F52600FE9B82 /* Build configuration list for PBXNativeTarget "Store" */ = {
			isa = XCConfigurationList;
			buildConfigurations = (
				387E6CED25B1F52600FE9B82 /* Debug */,
				387E6CEE25B1F52600FE9B82 /* Release */,
			);
			defaultConfigurationIsVisible = 0;
			defaultConfigurationName = Release;
		};
/* End XCConfigurationList section */

/* Begin XCRemoteSwiftPackageReference section */
		04E5820D25BAD88D002E738E /* XCRemoteSwiftPackageReference "SightKit" */ = {
			isa = XCRemoteSwiftPackageReference;
			repositoryURL = "https://github.com/zhanqi/SightKit.git";
			requirement = {
				kind = upToNextMajorVersion;
				minimumVersion = 0.1.20;
			};
		};
		04E5823A25BAFFA0002E738E /* XCRemoteSwiftPackageReference "SDWebImage" */ = {
			isa = XCRemoteSwiftPackageReference;
			repositoryURL = "https://github.com/SDWebImage/SDWebImage.git";
			requirement = {
				kind = upToNextMajorVersion;
				minimumVersion = 5.10.2;
			};
		};
/* End XCRemoteSwiftPackageReference section */

/* Begin XCSwiftPackageProductDependency section */
		04E5820E25BAD88D002E738E /* SightKit */ = {
			isa = XCSwiftPackageProductDependency;
			package = 04E5820D25BAD88D002E738E /* XCRemoteSwiftPackageReference "SightKit" */;
			productName = SightKit;
		};
		04E5823B25BAFFA0002E738E /* SDWebImage */ = {
			isa = XCSwiftPackageProductDependency;
			package = 04E5823A25BAFFA0002E738E /* XCRemoteSwiftPackageReference "SDWebImage" */;
			productName = SDWebImage;
		};
/* End XCSwiftPackageProductDependency section */
	};
	rootObject = 387E6CD025B1F52400FE9B82 /* Project object */;
}
